// !$*UTF8*$!
{
	archiveVersion = 1;
	classes = {
	};
	objectVersion = 77;
	objects = {

/* Begin PBXContainerItemProxy section */
		4961D1732E3D3B01009DE3FB /* PBXContainerItemProxy */ = {
			isa = PBXContainerItemProxy;
			containerPortal = 4961D1592E3D3B00009DE3FB /* Project object */;
			proxyType = 1;
			remoteGlobalIDString = 4961D1602E3D3B00009DE3FB;
			remoteInfo = dust_remover;
		};
		4961D17D2E3D3B01009DE3FB /* PBXContainerItemProxy */ = {
			isa = PBXContainerItemProxy;
			containerPortal = 4961D1592E3D3B00009DE3FB /* Project object */;
			proxyType = 1;
			remoteGlobalIDString = 4961D1602E3D3B00009DE3FB;
			remoteInfo = dust_remover;
		};
/* End PBXContainerItemProxy section */

/* Begin PBXFileReference section */
		4961D1612E3D3B00009DE3FB /* dust_remover.app */ = {isa = PBXFileReference; explicitFileType = wrapper.application; includeInIndex = 0; path = dust_remover.app; sourceTree = BUILT_PRODUCTS_DIR; };
		4961D1722E3D3B01009DE3FB /* dust_removerTests.xctest */ = {isa = PBXFileReference; explicitFileType = wrapper.cfbundle; includeInIndex = 0; path = dust_removerTests.xctest; sourceTree = BUILT_PRODUCTS_DIR; };
		4961D17C2E3D3B01009DE3FB /* dust_removerUITests.xctest */ = {isa = PBXFileReference; explicitFileType = wrapper.cfbundle; includeInIndex = 0; path = dust_removerUITests.xctest; sourceTree = BUILT_PRODUCTS_DIR; };
/* End PBXFileReference section */

/* Begin PBXFileSystemSynchronizedRootGroup section */
		4961D1632E3D3B00009DE3FB /* dust_remover */ = {
			isa = PBXFileSystemSynchronizedRootGroup;
			path = dust_remover;
			sourceTree = "<group>";
		};
		4961D1752E3D3B01009DE3FB /* dust_removerTests */ = {
			isa = PBXFileSystemSynchronizedRootGroup;
			path = dust_removerTests;
			sourceTree = "<group>";
		};
		4961D17F2E3D3B01009DE3FB /* dust_removerUITests */ = {
			isa = PBXFileSystemSynchronizedRootGroup;
			path = dust_removerUITests;
			sourceTree = "<group>";
		};
/* End PBXFileSystemSynchronizedRootGroup section */

/* Begin PBXFrameworksBuildPhase section */
		4961D15E2E3D3B00009DE3FB /* Frameworks */ = {
			isa = PBXFrameworksBuildPhase;
			buildActionMask = 2147483647;
			files = (
			);
			runOnlyForDeploymentPostprocessing = 0;
		};
		4961D16F2E3D3B01009DE3FB /* Frameworks */ = {
			isa = PBXFrameworksBuildPhase;
			buildActionMask = 2147483647;
			files = (
			);
			runOnlyForDeploymentPostprocessing = 0;
		};
		4961D1792E3D3B01009DE3FB /* Frameworks */ = {
			isa = PBXFrameworksBuildPhase;
			buildActionMask = 2147483647;
			files = (
			);
			runOnlyForDeploymentPostprocessing = 0;
		};
/* End PBXFrameworksBuildPhase section */

/* Begin PBXGroup section */
		4961D1582E3D3B00009DE3FB = {
			isa = PBXGroup;
			children = (
				4961D1632E3D3B00009DE3FB /* dust_remover */,
				4961D1752E3D3B01009DE3FB /* dust_removerTests */,
				4961D17F2E3D3B01009DE3FB /* dust_removerUITests */,
				4961D1622E3D3B00009DE3FB /* Products */,
			);
			sourceTree = "<group>";
		};
		4961D1622E3D3B00009DE3FB /* Products */ = {
			isa = PBXGroup;
			children = (
				4961D1612E3D3B00009DE3FB /* dust_remover.app */,
				4961D1722E3D3B01009DE3FB /* dust_removerTests.xctest */,
				4961D17C2E3D3B01009DE3FB /* dust_removerUITests.xctest */,
			);
			name = Products;
			sourceTree = "<group>";
		};
/* End PBXGroup section */

/* Begin PBXNativeTarget section */
		4961D1602E3D3B00009DE3FB /* dust_remover */ = {
			isa = PBXNativeTarget;
			buildConfigurationList = 4961D1862E3D3B01009DE3FB /* Build configuration list for PBXNativeTarget "dust_remover" */;
			buildPhases = (
				4961D15D2E3D3B00009DE3FB /* Sources */,
				4961D15E2E3D3B00009DE3FB /* Frameworks */,
				4961D15F2E3D3B00009DE3FB /* Resources */,
			);
			buildRules = (
			);
			dependencies = (
			);
			fileSystemSynchronizedGroups = (
				4961D1632E3D3B00009DE3FB /* dust_remover */,
			);
			name = dust_remover;
			packageProductDependencies = (
			);
			productName = dust_remover;
			productReference = 4961D1612E3D3B00009DE3FB /* dust_remover.app */;
			productType = "com.apple.product-type.application";
		};
		4961D1712E3D3B01009DE3FB /* dust_removerTests */ = {
			isa = PBXNativeTarget;
			buildConfigurationList = 4961D1892E3D3B01009DE3FB /* Build configuration list for PBXNativeTarget "dust_removerTests" */;
			buildPhases = (
				4961D16E2E3D3B01009DE3FB /* Sources */,
				4961D16F2E3D3B01009DE3FB /* Frameworks */,
				4961D1702E3D3B01009DE3FB /* Resources */,
			);
			buildRules = (
			);
			dependencies = (
				4961D1742E3D3B01009DE3FB /* PBXTargetDependency */,
			);
			fileSystemSynchronizedGroups = (
				4961D1752E3D3B01009DE3FB /* dust_removerTests */,
			);
			name = dust_removerTests;
			packageProductDependencies = (
			);
			productName = dust_removerTests;
			productReference = 4961D1722E3D3B01009DE3FB /* dust_removerTests.xctest */;
			productType = "com.apple.product-type.bundle.unit-test";
		};
		4961D17B2E3D3B01009DE3FB /* dust_removerUITests */ = {
			isa = PBXNativeTarget;
			buildConfigurationList = 4961D18C2E3D3B01009DE3FB /* Build configuration list for PBXNativeTarget "dust_removerUITests" */;
			buildPhases = (
				4961D1782E3D3B01009DE3FB /* Sources */,
				4961D1792E3D3B01009DE3FB /* Frameworks */,
				4961D17A2E3D3B01009DE3FB /* Resources */,
			);
			buildRules = (
			);
			dependencies = (
				4961D17E2E3D3B01009DE3FB /* PBXTargetDependency */,
			);
			fileSystemSynchronizedGroups = (
				4961D17F2E3D3B01009DE3FB /* dust_removerUITests */,
			);
			name = dust_removerUITests;
			packageProductDependencies = (
			);
			productName = dust_removerUITests;
			productReference = 4961D17C2E3D3B01009DE3FB /* dust_removerUITests.xctest */;
			productType = "com.apple.product-type.bundle.ui-testing";
		};
/* End PBXNativeTarget section */

/* Begin PBXProject section */
		4961D1592E3D3B00009DE3FB /* Project object */ = {
			isa = PBXProject;
			attributes = {
				BuildIndependentTargetsInParallel = 1;
				LastSwiftUpdateCheck = 1620;
				LastUpgradeCheck = 1620;
				TargetAttributes = {
					4961D1602E3D3B00009DE3FB = {
						CreatedOnToolsVersion = 16.2;
					};
					4961D1712E3D3B01009DE3FB = {
						CreatedOnToolsVersion = 16.2;
						TestTargetID = 4961D1602E3D3B00009DE3FB;
					};
					4961D17B2E3D3B01009DE3FB = {
						CreatedOnToolsVersion = 16.2;
						TestTargetID = 4961D1602E3D3B00009DE3FB;
					};
				};
			};
			buildConfigurationList = 4961D15C2E3D3B00009DE3FB /* Build configuration list for PBXProject "dust_remover" */;
			developmentRegion = en;
			hasScannedForEncodings = 0;
			knownRegions = (
				en,
				Base,
			);
			mainGroup = 4961D1582E3D3B00009DE3FB;
			minimizedProjectReferenceProxies = 1;
			preferredProjectObjectVersion = 77;
			productRefGroup = 4961D1622E3D3B00009DE3FB /* Products */;
			projectDirPath = "";
			projectRoot = "";
			targets = (
				4961D1602E3D3B00009DE3FB /* dust_remover */,
				4961D1712E3D3B01009DE3FB /* dust_removerTests */,
				4961D17B2E3D3B01009DE3FB /* dust_removerUITests */,
			);
		};
/* End PBXProject section */

/* Begin PBXResourcesBuildPhase section */
		4961D15F2E3D3B00009DE3FB /* Resources */ = {
			isa = PBXResourcesBuildPhase;
			buildActionMask = 2147483647;
			files = (
			);
			runOnlyForDeploymentPostprocessing = 0;
		};
		4961D1702E3D3B01009DE3FB /* Resources */ = {
			isa = PBXResourcesBuildPhase;
			buildActionMask = 2147483647;
			files = (
			);
			runOnlyForDeploymentPostprocessing = 0;
		};
		4961D17A2E3D3B01009DE3FB /* Resources */ = {
			isa = PBXResourcesBuildPhase;
			buildActionMask = 2147483647;
			files = (
			);
			runOnlyForDeploymentPostprocessing = 0;
		};
/* End PBXResourcesBuildPhase section */

/* Begin PBXSourcesBuildPhase section */
		4961D15D2E3D3B00009DE3FB /* Sources */ = {
			isa = PBXSourcesBuildPhase;
			buildActionMask = 2147483647;
			files = (
			);
			runOnlyForDeploymentPostprocessing = 0;
		};
		4961D16E2E3D3B01009DE3FB /* Sources */ = {
			isa = PBXSourcesBuildPhase;
			buildActionMask = 2147483647;
			files = (
			);
			runOnlyForDeploymentPostprocessing = 0;
		};
		4961D1782E3D3B01009DE3FB /* Sources */ = {
			isa = PBXSourcesBuildPhase;
			buildActionMask = 2147483647;
			files = (
			);
			runOnlyForDeploymentPostprocessing = 0;
		};
/* End PBXSourcesBuildPhase section */

/* Begin PBXTargetDependency section */
		4961D1742E3D3B01009DE3FB /* PBXTargetDependency */ = {
			isa = PBXTargetDependency;
			target = 4961D1602E3D3B00009DE3FB /* dust_remover */;
			targetProxy = 4961D1732E3D3B01009DE3FB /* PBXContainerItemProxy */;
		};
		4961D17E2E3D3B01009DE3FB /* PBXTargetDependency */ = {
			isa = PBXTargetDependency;
			target = 4961D1602E3D3B00009DE3FB /* dust_remover */;
			targetProxy = 4961D17D2E3D3B01009DE3FB /* PBXContainerItemProxy */;
		};
/* End PBXTargetDependency section */

/* Begin XCBuildConfiguration section */
		4961D1842E3D3B01009DE3FB /* Debug */ = {
			isa = XCBuildConfiguration;
			buildSettings = {
				ALWAYS_SEARCH_USER_PATHS = NO;
				ASSETCATALOG_COMPILER_GENERATE_SWIFT_ASSET_SYMBOL_EXTENSIONS = YES;
				CLANG_ANALYZER_NONNULL = YES;
				CLANG_ANALYZER_NUMBER_OBJECT_CONVERSION = YES_AGGRESSIVE;
				CLANG_CXX_LANGUAGE_STANDARD = "gnu++20";
				CLANG_ENABLE_MODULES = YES;
				CLANG_ENABLE_OBJC_ARC = YES;
				CLANG_ENABLE_OBJC_WEAK = YES;
				CLANG_WARN_BLOCK_CAPTURE_AUTORELEASING = YES;
				CLANG_WARN_BOOL_CONVERSION = YES;
				CLANG_WARN_COMMA = YES;
				CLANG_WARN_CONSTANT_CONVERSION = YES;
				CLANG_WARN_DEPRECATED_OBJC_IMPLEMENTATIONS = YES;
				CLANG_WARN_DIRECT_OBJC_ISA_USAGE = YES_ERROR;
				CLANG_WARN_DOCUMENTATION_COMMENTS = YES;
				CLANG_WARN_EMPTY_BODY = YES;
				CLANG_WARN_ENUM_CONVERSION = YES;
				CLANG_WARN_INFINITE_RECURSION = YES;
				CLANG_WARN_INT_CONVERSION = YES;
				CLANG_WARN_NON_LITERAL_NULL_CONVERSION = YES;
				CLANG_WARN_OBJC_IMPLICIT_RETAIN_SELF = YES;
				CLANG_WARN_OBJC_LITERAL_CONVERSION = YES;
				CLANG_WARN_OBJC_ROOT_CLASS = YES_ERROR;
				CLANG_WARN_QUOTED_INCLUDE_IN_FRAMEWORK_HEADER = YES;
				CLANG_WARN_RANGE_LOOP_ANALYSIS = YES;
				CLANG_WARN_STRICT_PROTOTYPES = YES;
				CLANG_WARN_SUSPICIOUS_MOVE = YES;
				CLANG_WARN_UNGUARDED_AVAILABILITY = YES_AGGRESSIVE;
				CLANG_WARN_UNREACHABLE_CODE = YES;
				CLANG_WARN__DUPLICATE_METHOD_MATCH = YES;
				COPY_PHASE_STRIP = NO;
				DEBUG_INFORMATION_FORMAT = dwarf;
				ENABLE_STRICT_OBJC_MSGSEND = YES;
				ENABLE_TESTABILITY = YES;
				ENABLE_USER_SCRIPT_SANDBOXING = YES;
				GCC_C_LANGUAGE_STANDARD = gnu17;
				GCC_DYNAMIC_NO_PIC = NO;
				GCC_NO_COMMON_BLOCKS = YES;
				GCC_OPTIMIZATION_LEVEL = 0;
				GCC_PREPROCESSOR_DEFINITIONS = (
					"DEBUG=1",
					"$(inherited)",
				);
				GCC_WARN_64_TO_32_BIT_CONVERSION = YES;
				GCC_WARN_ABOUT_RETURN_TYPE = YES_ERROR;
				GCC_WARN_UNDECLARED_SELECTOR = YES;
				GCC_WARN_UNINITIALIZED_AUTOS = YES_AGGRESSIVE;
				GCC_WARN_UNUSED_FUNCTION = YES;
				GCC_WARN_UNUSED_VARIABLE = YES;
				LOCALIZATION_PREFERS_STRING_CATALOGS = YES;
				MACOSX_DEPLOYMENT_TARGET = 15.2;
				MTL_ENABLE_DEBUG_INFO = INCLUDE_SOURCE;
				MTL_FAST_MATH = YES;
				ONLY_ACTIVE_ARCH = YES;
				SDKROOT = macosx;
				SWIFT_ACTIVE_COMPILATION_CONDITIONS = "DEBUG $(inherited)";
				SWIFT_OPTIMIZATION_LEVEL = "-Onone";
			};
			name = Debug;
		};
		4961D1852E3D3B01009DE3FB /* Release */ = {
			isa = XCBuildConfiguration;
			buildSettings = {
				ALWAYS_SEARCH_USER_PATHS = NO;
				ASSETCATALOG_COMPILER_GENERATE_SWIFT_ASSET_SYMBOL_EXTENSIONS = YES;
				CLANG_ANALYZER_NONNULL = YES;
				CLANG_ANALYZER_NUMBER_OBJECT_CONVERSION = YES_AGGRESSIVE;
				CLANG_CXX_LANGUAGE_STANDARD = "gnu++20";
				CLANG_ENABLE_MODULES = YES;
				CLANG_ENABLE_OBJC_ARC = YES;
				CLANG_ENABLE_OBJC_WEAK = YES;
				CLANG_WARN_BLOCK_CAPTURE_AUTORELEASING = YES;
				CLANG_WARN_BOOL_CONVERSION = YES;
				CLANG_WARN_COMMA = YES;
				CLANG_WARN_CONSTANT_CONVERSION = YES;
				CLANG_WARN_DEPRECATED_OBJC_IMPLEMENTATIONS = YES;
				CLANG_WARN_DIRECT_OBJC_ISA_USAGE = YES_ERROR;
				CLANG_WARN_DOCUMENTATION_COMMENTS = YES;
				CLANG_WARN_EMPTY_BODY = YES;
				CLANG_WARN_ENUM_CONVERSION = YES;
				CLANG_WARN_INFINITE_RECURSION = YES;
				CLANG_WARN_INT_CONVERSION = YES;
				CLANG_WARN_NON_LITERAL_NULL_CONVERSION = YES;
				CLANG_WARN_OBJC_IMPLICIT_RETAIN_SELF = YES;
				CLANG_WARN_OBJC_LITERAL_CONVERSION = YES;
				CLANG_WARN_OBJC_ROOT_CLASS = YES_ERROR;
				CLANG_WARN_QUOTED_INCLUDE_IN_FRAMEWORK_HEADER = YES;
				CLANG_WARN_RANGE_LOOP_ANALYSIS = YES;
				CLANG_WARN_STRICT_PROTOTYPES = YES;
				CLANG_WARN_SUSPICIOUS_MOVE = YES;
				CLANG_WARN_UNGUARDED_AVAILABILITY = YES_AGGRESSIVE;
				CLANG_WARN_UNREACHABLE_CODE = YES;
				CLANG_WARN__DUPLICATE_METHOD_MATCH = YES;
				COPY_PHASE_STRIP = NO;
				DEBUG_INFORMATION_FORMAT = "dwarf-with-dsym";
				ENABLE_NS_ASSERTIONS = NO;
				ENABLE_STRICT_OBJC_MSGSEND = YES;
				ENABLE_USER_SCRIPT_SANDBOXING = YES;
				GCC_C_LANGUAGE_STANDARD = gnu17;
				GCC_NO_COMMON_BLOCKS = YES;
				GCC_WARN_64_TO_32_BIT_CONVERSION = YES;
				GCC_WARN_ABOUT_RETURN_TYPE = YES_ERROR;
				GCC_WARN_UNDECLARED_SELECTOR = YES;
				GCC_WARN_UNINITIALIZED_AUTOS = YES_AGGRESSIVE;
				GCC_WARN_UNUSED_FUNCTION = YES;
				GCC_WARN_UNUSED_VARIABLE = YES;
				LOCALIZATION_PREFERS_STRING_CATALOGS = YES;
				MACOSX_DEPLOYMENT_TARGET = 15.2;
				MTL_ENABLE_DEBUG_INFO = NO;
				MTL_FAST_MATH = YES;
				SDKROOT = macosx;
				SWIFT_COMPILATION_MODE = wholemodule;
			};
			name = Release;
		};
		4961D1872E3D3B01009DE3FB /* Debug */ = {
			isa = XCBuildConfiguration;
			buildSettings = {
				ASSETCATALOG_COMPILER_APPICON_NAME = AppIcon;
				ASSETCATALOG_COMPILER_GLOBAL_ACCENT_COLOR_NAME = AccentColor;
				CODE_SIGN_ENTITLEMENTS = dust_remover/dust_remover.entitlements;
				CODE_SIGN_STYLE = Automatic;
				COMBINE_HIDPI_IMAGES = YES;
				CURRENT_PROJECT_VERSION = 1;
				DEVELOPMENT_ASSET_PATHS = "\"dust_remover/Preview Content\"";
				DEVELOPMENT_TEAM = 4GRL2KGVXN;
				ENABLE_HARDENED_RUNTIME = YES;
				ENABLE_PREVIEWS = YES;
				GENERATE_INFOPLIST_FILE = YES;
				INFOPLIST_KEY_NSHumanReadableCopyright = "";
				LD_RUNPATH_SEARCH_PATHS = (
					"$(inherited)",
					"@executable_path/../Frameworks",
				);
				MARKETING_VERSION = 1.0;
				PRODUCT_BUNDLE_IDENTIFIER = "yahyarahhawi.dust-remover";
				PRODUCT_NAME = "$(TARGET_NAME)";
				SWIFT_EMIT_LOC_STRINGS = YES;
				SWIFT_VERSION = 5.0;
			};
			name = Debug;
		};
		4961D1882E3D3B01009DE3FB /* Release */ = {
			isa = XCBuildConfiguration;
			buildSettings = {
				ASSETCATALOG_COMPILER_APPICON_NAME = AppIcon;
				ASSETCATALOG_COMPILER_GLOBAL_ACCENT_COLOR_NAME = AccentColor;
				CODE_SIGN_ENTITLEMENTS = dust_remover/dust_remover.entitlements;
				CODE_SIGN_STYLE = Automatic;
				COMBINE_HIDPI_IMAGES = YES;
				CURRENT_PROJECT_VERSION = 1;
				DEVELOPMENT_ASSET_PATHS = "\"dust_remover/Preview Content\"";
				DEVELOPMENT_TEAM = 4GRL2KGVXN;
				ENABLE_HARDENED_RUNTIME = YES;
				ENABLE_PREVIEWS = YES;
				GENERATE_INFOPLIST_FILE = YES;
				INFOPLIST_KEY_NSHumanReadableCopyright = "";
				LD_RUNPATH_SEARCH_PATHS = (
					"$(inherited)",
					"@executable_path/../Frameworks",
				);
				MARKETING_VERSION = 1.0;
				PRODUCT_BUNDLE_IDENTIFIER = "yahyarahhawi.dust-remover";
				PRODUCT_NAME = "$(TARGET_NAME)";
				SWIFT_EMIT_LOC_STRINGS = YES;
				SWIFT_VERSION = 5.0;
			};
			name = Release;
		};
		4961D18A2E3D3B01009DE3FB /* Debug */ = {
			isa = XCBuildConfiguration;
			buildSettings = {
				BUNDLE_LOADER = "$(TEST_HOST)";
				CODE_SIGN_STYLE = Automatic;
				CURRENT_PROJECT_VERSION = 1;
				DEVELOPMENT_TEAM = 4GRL2KGVXN;
				GENERATE_INFOPLIST_FILE = YES;
				MACOSX_DEPLOYMENT_TARGET = 15.2;
				MARKETING_VERSION = 1.0;
				PRODUCT_BUNDLE_IDENTIFIER = "yahyarahhawi.dust-removerTests";
				PRODUCT_NAME = "$(TARGET_NAME)";
				SWIFT_EMIT_LOC_STRINGS = NO;
				SWIFT_VERSION = 5.0;
				TEST_HOST = "$(BUILT_PRODUCTS_DIR)/dust_remover.app/$(BUNDLE_EXECUTABLE_FOLDER_PATH)/dust_remover";
			};
			name = Debug;
		};
		4961D18B2E3D3B01009DE3FB /* Release */ = {
			isa = XCBuildConfiguration;
			buildSettings = {
				BUNDLE_LOADER = "$(TEST_HOST)";
				CODE_SIGN_STYLE = Automatic;
				CURRENT_PROJECT_VERSION = 1;
				DEVELOPMENT_TEAM = 4GRL2KGVXN;
				GENERATE_INFOPLIST_FILE = YES;
				MACOSX_DEPLOYMENT_TARGET = 15.2;
				MARKETING_VERSION = 1.0;
				PRODUCT_BUNDLE_IDENTIFIER = "yahyarahhawi.dust-removerTests";
				PRODUCT_NAME = "$(TARGET_NAME)";
				SWIFT_EMIT_LOC_STRINGS = NO;
				SWIFT_VERSION = 5.0;
				TEST_HOST = "$(BUILT_PRODUCTS_DIR)/dust_remover.app/$(BUNDLE_EXECUTABLE_FOLDER_PATH)/dust_remover";
			};
			name = Release;
		};
		4961D18D2E3D3B01009DE3FB /* Debug */ = {
			isa = XCBuildConfiguration;
			buildSettings = {
				CODE_SIGN_STYLE = Automatic;
				CURRENT_PROJECT_VERSION = 1;
				DEVELOPMENT_TEAM = 4GRL2KGVXN;
				GENERATE_INFOPLIST_FILE = YES;
				MARKETING_VERSION = 1.0;
				PRODUCT_BUNDLE_IDENTIFIER = "yahyarahhawi.dust-removerUITests";
				PRODUCT_NAME = "$(TARGET_NAME)";
				SWIFT_EMIT_LOC_STRINGS = NO;
				SWIFT_VERSION = 5.0;
				TEST_TARGET_NAME = dust_remover;
			};
			name = Debug;
		};
		4961D18E2E3D3B01009DE3FB /* Release */ = {
			isa = XCBuildConfiguration;
			buildSettings = {
				CODE_SIGN_STYLE = Automatic;
				CURRENT_PROJECT_VERSION = 1;
				DEVELOPMENT_TEAM = 4GRL2KGVXN;
				GENERATE_INFOPLIST_FILE = YES;
				MARKETING_VERSION = 1.0;
				PRODUCT_BUNDLE_IDENTIFIER = "yahyarahhawi.dust-removerUITests";
				PRODUCT_NAME = "$(TARGET_NAME)";
				SWIFT_EMIT_LOC_STRINGS = NO;
				SWIFT_VERSION = 5.0;
				TEST_TARGET_NAME = dust_remover;
			};
			name = Release;
		};
/* End XCBuildConfiguration section */

/* Begin XCConfigurationList section */
		4961D15C2E3D3B00009DE3FB /* Build configuration list for PBXProject "dust_remover" */ = {
			isa = XCConfigurationList;
			buildConfigurations = (
				4961D1842E3D3B01009DE3FB /* Debug */,
				4961D1852E3D3B01009DE3FB /* Release */,
			);
			defaultConfigurationIsVisible = 0;
			defaultConfigurationName = Release;
		};
		4961D1862E3D3B01009DE3FB /* Build configuration list for PBXNativeTarget "dust_remover" */ = {
			isa = XCConfigurationList;
			buildConfigurations = (
				4961D1872E3D3B01009DE3FB /* Debug */,
				4961D1882E3D3B01009DE3FB /* Release */,
			);
			defaultConfigurationIsVisible = 0;
			defaultConfigurationName = Release;
		};
		4961D1892E3D3B01009DE3FB /* Build configuration list for PBXNativeTarget "dust_removerTests" */ = {
			isa = XCConfigurationList;
			buildConfigurations = (
				4961D18A2E3D3B01009DE3FB /* Debug */,
				4961D18B2E3D3B01009DE3FB /* Release */,
			);
			defaultConfigurationIsVisible = 0;
			defaultConfigurationName = Release;
		};
		4961D18C2E3D3B01009DE3FB /* Build configuration list for PBXNativeTarget "dust_removerUITests" */ = {
			isa = XCConfigurationList;
			buildConfigurations = (
				4961D18D2E3D3B01009DE3FB /* Debug */,
				4961D18E2E3D3B01009DE3FB /* Release */,
			);
			defaultConfigurationIsVisible = 0;
			defaultConfigurationName = Release;
		};
/* End XCConfigurationList section */
	};
	rootObject = 4961D1592E3D3B00009DE3FB /* Project object */;
}
